
Microsoft Visual Studio Solution File, Format Version 12.00
# Visual Studio Version 16
VisualStudioVersion = 16.0.31321.278
MinimumVisualStudioVersion = 10.0.40219.1
Project("{FAE04EC0-301F-11D3-BF4B-00C04F79EFBC}") = "App01_ConsultarCEP.UWP", "App01_ConsultarCEP\App01_ConsultarCEP.UWP\App01_ConsultarCEP.UWP.csproj", "{11BD6B70-CE5B-48C9-A684-70B1E6A22E11}"
EndProject
Project("{FAE04EC0-301F-11D3-BF4B-00C04F79EFBC}") = "App01_ConsultarCEP.Android", "App01_ConsultarCEP\App01_ConsultarCEP.Android\App01_ConsultarCEP.Android.csproj", "{DFFE58A9-922D-49EA-8A6E-1765398E1819}"
EndProject
Project("{FAE04EC0-301F-11D3-BF4B-00C04F79EFBC}") = "App01_ConsultarCEP.iOS", "App01_ConsultarCEP\App01_ConsultarCEP.iOS\App01_ConsultarCEP.iOS.csproj", "{BCD80655-6283-4195-A500-008853D5CEBD}"
EndProject
Project("{FAE04EC0-301F-11D3-BF4B-00C04F79EFBC}") = "App01_ConsultarCEP", "App01_ConsultarCEP\App01_ConsultarCEP\App01_ConsultarCEP.csproj", "{6D4BBC85-0844-437E-8CE7-EFB0F6F286FD}"
EndProject
Global
	GlobalSection(SolutionConfigurationPlatforms) = preSolution
		Debug|Any CPU = Debug|Any CPU
		Debug|ARM = Debug|ARM
		Debug|iPhone = Debug|iPhone
		Debug|iPhoneSimulator = Debug|iPhoneSimulator
		Debug|x64 = Debug|x64
		Debug|x86 = Debug|x86
		Release|Any CPU = Release|Any CPU
		Release|ARM = Release|ARM
		Release|iPhone = Release|iPhone
		Release|iPhoneSimulator = Release|iPhoneSimulator
		Release|x64 = Release|x64
		Release|x86 = Release|x86
	EndGlobalSection
	GlobalSection(ProjectConfigurationPlatforms) = postSolution
		{11BD6B70-CE5B-48C9-A684-70B1E6A22E11}.Debug|Any CPU.ActiveCfg = Debug|x86
		{11BD6B70-CE5B-48C9-A684-70B1E6A22E11}.Debug|Any CPU.Build.0 = Debug|x86
		{11BD6B70-CE5B-48C9-A684-70B1E6A22E11}.Debug|Any CPU.Deploy.0 = Debug|x86
		{11BD6B70-CE5B-48C9-A684-70B1E6A22E11}.Debug|ARM.ActiveCfg = Debug|ARM
		{11BD6B70-CE5B-48C9-A684-70B1E6A22E11}.Debug|ARM.Build.0 = Debug|ARM
		{11BD6B70-CE5B-48C9-A684-70B1E6A22E11}.Debug|ARM.Deploy.0 = Debug|ARM
		{11BD6B70-CE5B-48C9-A684-70B1E6A22E11}.Debug|iPhone.ActiveCfg = Debug|x86
		{11BD6B70-CE5B-48C9-A684-70B1E6A22E11}.Debug|iPhone.Build.0 = Debug|x86
		{11BD6B70-CE5B-48C9-A684-70B1E6A22E11}.Debug|iPhone.Deploy.0 = Debug|x86
		{11BD6B70-CE5B-48C9-A684-70B1E6A22E11}.Debug|iPhoneSimulator.ActiveCfg = Debug|x86
		{11BD6B70-CE5B-48C9-A684-70B1E6A22E11}.Debug|iPhoneSimulator.Build.0 = Debug|x86
		{11BD6B70-CE5B-48C9-A684-70B1E6A22E11}.Debug|iPhoneSimulator.Deploy.0 = Debug|x86
		{11BD6B70-CE5B-48C9-A684-70B1E6A22E11}.Debug|x64.ActiveCfg = Debug|x64
		{11BD6B70-CE5B-48C9-A684-70B1E6A22E11}.Debug|x64.Build.0 = Debug|x64
		{11BD6B70-CE5B-48C9-A684-70B1E6A22E11}.Debug|x64.Deploy.0 = Debug|x64
		{11BD6B70-CE5B-48C9-A684-70B1E6A22E11}.Debug|x86.ActiveCfg = Debug|x86
		{11BD6B70-CE5B-48C9-A684-70B1E6A22E11}.Debug|x86.Build.0 = Debug|x86
		{11BD6B70-CE5B-48C9-A684-70B1E6A22E11}.Debug|x86.Deploy.0 = Debug|x86
		{11BD6B70-CE5B-48C9-A684-70B1E6A22E11}.Release|Any CPU.ActiveCfg = Release|x86
		{11BD6B70-CE5B-48C9-A684-70B1E6A22E11}.Release|Any CPU.Build.0 = Release|x86
		{11BD6B70-CE5B-48C9-A684-70B1E6A22E11}.Release|Any CPU.Deploy.0 = Release|x86
		{11BD6B70-CE5B-48C9-A684-70B1E6A22E11}.Release|ARM.ActiveCfg = Release|ARM
		{11BD6B70-CE5B-48C9-A684-70B1E6A22E11}.Release|ARM.Build.0 = Release|ARM
		{11BD6B70-CE5B-48C9-A684-70B1E6A22E11}.Release|ARM.Deploy.0 = Release|ARM
		{11BD6B70-CE5B-48C9-A684-70B1E6A22E11}.Release|iPhone.ActiveCfg = Release|x86
		{11BD6B70-CE5B-48C9-A684-70B1E6A22E11}.Release|iPhone.Build.0 = Release|x86
		{11BD6B70-CE5B-48C9-A684-70B1E6A22E11}.Release|iPhone.Deploy.0 = Release|x86
		{11BD6B70-CE5B-48C9-A684-70B1E6A22E11}.Release|iPhoneSimulator.ActiveCfg = Release|x86
		{11BD6B70-CE5B-48C9-A684-70B1E6A22E11}.Release|iPhoneSimulator.Build.0 = Release|x86
		{11BD6B70-CE5B-48C9-A684-70B1E6A22E11}.Release|iPhoneSimulator.Deploy.0 = Release|x86
		{11BD6B70-CE5B-48C9-A684-70B1E6A22E11}.Release|x64.ActiveCfg = Release|x64
		{11BD6B70-CE5B-48C9-A684-70B1E6A22E11}.Release|x64.Build.0 = Release|x64
		{11BD6B70-CE5B-48C9-A684-70B1E6A22E11}.Release|x64.Deploy.0 = Release|x64
		{11BD6B70-CE5B-48C9-A684-70B1E6A22E11}.Release|x86.ActiveCfg = Release|x86
		{11BD6B70-CE5B-48C9-A684-70B1E6A22E11}.Release|x86.Build.0 = Release|x86
		{11BD6B70-CE5B-48C9-A684-70B1E6A22E11}.Release|x86.Deploy.0 = Release|x86
		{DFFE58A9-922D-49EA-8A6E-1765398E1819}.Debug|Any CPU.ActiveCfg = Debug|Any CPU
		{DFFE58A9-922D-49EA-8A6E-1765398E1819}.Debug|Any CPU.Build.0 = Debug|Any CPU
		{DFFE58A9-922D-49EA-8A6E-1765398E1819}.Debug|Any CPU.Deploy.0 = Debug|Any CPU
		{DFFE58A9-922D-49EA-8A6E-1765398E1819}.Debug|ARM.ActiveCfg = Debug|Any CPU
		{DFFE58A9-922D-49EA-8A6E-1765398E1819}.Debug|ARM.Build.0 = Debug|Any CPU
		{DFFE58A9-922D-49EA-8A6E-1765398E1819}.Debug|ARM.Deploy.0 = Debug|Any CPU
		{DFFE58A9-922D-49EA-8A6E-1765398E1819}.Debug|iPhone.ActiveCfg = Debug|Any CPU
		{DFFE58A9-922D-49EA-8A6E-1765398E1819}.Debug|iPhone.Build.0 = Debug|Any CPU
		{DFFE58A9-922D-49EA-8A6E-1765398E1819}.Debug|iPhone.Deploy.0 = Debug|Any CPU
		{DFFE58A9-922D-49EA-8A6E-1765398E1819}.Debug|iPhoneSimulator.ActiveCfg = Debug|Any CPU
		{DFFE58A9-922D-49EA-8A6E-1765398E1819}.Debug|iPhoneSimulator.Build.0 = Debug|Any CPU
		{DFFE58A9-922D-49EA-8A6E-1765398E1819}.Debug|iPhoneSimulator.Deploy.0 = Debug|Any CPU
		{DFFE58A9-922D-49EA-8A6E-1765398E1819}.Debug|x64.ActiveCfg = Debug|Any CPU
		{DFFE58A9-922D-49EA-8A6E-1765398E1819}.Debug|x64.Build.0 = Debug|Any CPU
		{DFFE58A9-922D-49EA-8A6E-1765398E1819}.Debug|x64.Deploy.0 = Debug|Any CPU
		{DFFE58A9-922D-49EA-8A6E-1765398E1819}.Debug|x86.ActiveCfg = Debug|Any CPU
		{DFFE58A9-922D-49EA-8A6E-1765398E1819}.Debug|x86.Build.0 = Debug|Any CPU
		{DFFE58A9-922D-49EA-8A6E-1765398E1819}.Debug|x86.Deploy.0 = Debug|Any CPU
		{DFFE58A9-922D-49EA-8A6E-1765398E1819}.Release|Any CPU.ActiveCfg = Release|Any CPU
		{DFFE58A9-922D-49EA-8A6E-1765398E1819}.Release|Any CPU.Build.0 = Release|Any CPU
		{DFFE58A9-922D-49EA-8A6E-1765398E1819}.Release|Any CPU.Deploy.0 = Release|Any CPU
		{DFFE58A9-922D-49EA-8A6E-1765398E1819}.Release|ARM.ActiveCfg = Release|Any CPU
		{DFFE58A9-922D-49EA-8A6E-1765398E1819}.Release|ARM.Build.0 = Release|Any CPU
		{DFFE58A9-922D-49EA-8A6E-1765398E1819}.Release|ARM.Deploy.0 = Release|Any CPU
		{DFFE58A9-922D-49EA-8A6E-1765398E1819}.Release|iPhone.ActiveCfg = Release|Any CPU
		{DFFE58A9-922D-49EA-8A6E-1765398E1819}.Release|iPhone.Build.0 = Release|Any CPU
		{DFFE58A9-922D-49EA-8A6E-1765398E1819}.Release|iPhone.Deploy.0 = Release|Any CPU
		{DFFE58A9-922D-49EA-8A6E-1765398E1819}.Release|iPhoneSimulator.ActiveCfg = Release|Any CPU
		{DFFE58A9-922D-49EA-8A6E-1765398E1819}.Release|iPhoneSimulator.Build.0 = Release|Any CPU
		{DFFE58A9-922D-49EA-8A6E-1765398E1819}.Release|iPhoneSimulator.Deploy.0 = Release|Any CPU
		{DFFE58A9-922D-49EA-8A6E-1765398E1819}.Release|x64.ActiveCfg = Release|Any CPU
		{DFFE58A9-922D-49EA-8A6E-1765398E1819}.Release|x64.Build.0 = Release|Any CPU
		{DFFE58A9-922D-49EA-8A6E-1765398E1819}.Release|x64.Deploy.0 = Release|Any CPU
		{DFFE58A9-922D-49EA-8A6E-1765398E1819}.Release|x86.ActiveCfg = Release|Any CPU
		{DFFE58A9-922D-49EA-8A6E-1765398E1819}.Release|x86.Build.0 = Release|Any CPU
		{DFFE58A9-922D-49EA-8A6E-1765398E1819}.Release|x86.Deploy.0 = Release|Any CPU
		{BCD80655-6283-4195-A500-008853D5CEBD}.Debug|Any CPU.ActiveCfg = Debug|iPhoneSimulator
		{BCD80655-6283-4195-A500-008853D5CEBD}.Debug|Any CPU.Build.0 = Debug|iPhoneSimulator
		{BCD80655-6283-4195-A500-008853D5CEBD}.Debug|Any CPU.Deploy.0 = Debug|iPhoneSimulator
		{BCD80655-6283-4195-A500-008853D5CEBD}.Debug|ARM.ActiveCfg = Debug|iPhone
		{BCD80655-6283-4195-A500-008853D5CEBD}.Debug|ARM.Build.0 = Debug|iPhone
		{BCD80655-6283-4195-A500-008853D5CEBD}.Debug|ARM.Deploy.0 = Debug|iPhone
		{BCD80655-6283-4195-A500-008853D5CEBD}.Debug|iPhone.ActiveCfg = Debug|iPhone
		{BCD80655-6283-4195-A500-008853D5CEBD}.Debug|iPhone.Build.0 = Debug|iPhone
		{BCD80655-6283-4195-A500-008853D5CEBD}.Debug|iPhone.Deploy.0 = Debug|iPhone
		{BCD80655-6283-4195-A500-008853D5CEBD}.Debug|iPhoneSimulator.ActiveCfg = Debug|iPhoneSimulator
		{BCD80655-6283-4195-A500-008853D5CEBD}.Debug|iPhoneSimulator.Build.0 = Debug|iPhoneSimulator
		{BCD80655-6283-4195-A500-008853D5CEBD}.Debug|iPhoneSimulator.Deploy.0 = Debug|iPhoneSimulator
		{BCD80655-6283-4195-A500-008853D5CEBD}.Debug|x64.ActiveCfg = Debug|iPhoneSimulator
		{BCD80655-6283-4195-A500-008853D5CEBD}.Debug|x64.Build.0 = Debug|iPhoneSimulator
		{BCD80655-6283-4195-A500-008853D5CEBD}.Debug|x64.Deploy.0 = Debug|iPhoneSimulator
		{BCD80655-6283-4195-A500-008853D5CEBD}.Debug|x86.ActiveCfg = Debug|iPhoneSimulator
		{BCD80655-6283-4195-A500-008853D5CEBD}.Debug|x86.Build.0 = Debug|iPhoneSimulator
		{BCD80655-6283-4195-A500-008853D5CEBD}.Debug|x86.Deploy.0 = Debug|iPhoneSimulator
		{BCD80655-6283-4195-A500-008853D5CEBD}.Release|Any CPU.ActiveCfg = Release|iPhoneSimulator
		{BCD80655-6283-4195-A500-008853D5CEBD}.Release|Any CPU.Build.0 = Release|iPhoneSimulator
		{BCD80655-6283-4195-A500-008853D5CEBD}.Release|Any CPU.Deploy.0 = Release|iPhoneSimulator
		{BCD80655-6283-4195-A500-008853D5CEBD}.Release|ARM.ActiveCfg = Release|iPhoneSimulator
		{BCD80655-6283-4195-A500-008853D5CEBD}.Release|ARM.Build.0 = Release|iPhoneSimulator
		{BCD80655-6283-4195-A500-008853D5CEBD}.Release|ARM.Deploy.0 = Release|iPhoneSimulator
		{BCD80655-6283-4195-A500-008853D5CEBD}.Release|iPhone.ActiveCfg = Release|iPhone
		{BCD80655-6283-4195-A500-008853D5CEBD}.Release|iPhone.Build.0 = Release|iPhone
		{BCD80655-6283-4195-A500-008853D5CEBD}.Release|iPhone.Deploy.0 = Release|iPhone
		{BCD80655-6283-4195-A500-008853D5CEBD}.Release|iPhoneSimulator.ActiveCfg = Release|iPhoneSimulator
		{BCD80655-6283-4195-A500-008853D5CEBD}.Release|iPhoneSimulator.Build.0 = Release|iPhoneSimulator
		{BCD80655-6283-4195-A500-008853D5CEBD}.Release|iPhoneSimulator.Deploy.0 = Release|iPhoneSimulator
		{BCD80655-6283-4195-A500-008853D5CEBD}.Release|x64.ActiveCfg = Release|iPhoneSimulator
		{BCD80655-6283-4195-A500-008853D5CEBD}.Release|x64.Build.0 = Release|iPhoneSimulator
		{BCD80655-6283-4195-A500-008853D5CEBD}.Release|x64.Deploy.0 = Release|iPhoneSimulator
		{BCD80655-6283-4195-A500-008853D5CEBD}.Release|x86.ActiveCfg = Release|iPhoneSimulator
		{BCD80655-6283-4195-A500-008853D5CEBD}.Release|x86.Build.0 = Release|iPhoneSimulator
		{BCD80655-6283-4195-A500-008853D5CEBD}.Release|x86.Deploy.0 = Release|iPhoneSimulator
		{6D4BBC85-0844-437E-8CE7-EFB0F6F286FD}.Debug|Any CPU.ActiveCfg = Debug|Any CPU
		{6D4BBC85-0844-437E-8CE7-EFB0F6F286FD}.Debug|Any CPU.Build.0 = Debug|Any CPU
		{6D4BBC85-0844-437E-8CE7-EFB0F6F286FD}.Debug|Any CPU.Deploy.0 = Debug|Any CPU
		{6D4BBC85-0844-437E-8CE7-EFB0F6F286FD}.Debug|ARM.ActiveCfg = Debug|Any CPU
		{6D4BBC85-0844-437E-8CE7-EFB0F6F286FD}.Debug|ARM.Build.0 = Debug|Any CPU
		{6D4BBC85-0844-437E-8CE7-EFB0F6F286FD}.Debug|ARM.Deploy.0 = Debug|Any CPU
		{6D4BBC85-0844-437E-8CE7-EFB0F6F286FD}.Debug|iPhone.ActiveCfg = Debug|Any CPU
		{6D4BBC85-0844-437E-8CE7-EFB0F6F286FD}.Debug|iPhone.Build.0 = Debug|Any CPU
		{6D4BBC85-0844-437E-8CE7-EFB0F6F286FD}.Debug|iPhone.Deploy.0 = Debug|Any CPU
		{6D4BBC85-0844-437E-8CE7-EFB0F6F286FD}.Debug|iPhoneSimulator.ActiveCfg = Debug|Any CPU
		{6D4BBC85-0844-437E-8CE7-EFB0F6F286FD}.Debug|iPhoneSimulator.Build.0 = Debug|Any CPU
		{6D4BBC85-0844-437E-8CE7-EFB0F6F286FD}.Debug|iPhoneSimulator.Deploy.0 = Debug|Any CPU
		{6D4BBC85-0844-437E-8CE7-EFB0F6F286FD}.Debug|x64.ActiveCfg = Debug|Any CPU
		{6D4BBC85-0844-437E-8CE7-EFB0F6F286FD}.Debug|x64.Build.0 = Debug|Any CPU
		{6D4BBC85-0844-437E-8CE7-EFB0F6F286FD}.Debug|x64.Deploy.0 = Debug|Any CPU
		{6D4BBC85-0844-437E-8CE7-EFB0F6F286FD}.Debug|x86.ActiveCfg = Debug|Any CPU
		{6D4BBC85-0844-437E-8CE7-EFB0F6F286FD}.Debug|x86.Build.0 = Debug|Any CPU
		{6D4BBC85-0844-437E-8CE7-EFB0F6F286FD}.Debug|x86.Deploy.0 = Debug|Any CPU
		{6D4BBC85-0844-437E-8CE7-EFB0F6F286FD}.Release|Any CPU.ActiveCfg = Release|Any CPU
		{6D4BBC85-0844-437E-8CE7-EFB0F6F286FD}.Release|Any CPU.Build.0 = Release|Any CPU
		{6D4BBC85-0844-437E-8CE7-EFB0F6F286FD}.Release|Any CPU.Deploy.0 = Release|Any CPU
		{6D4BBC85-0844-437E-8CE7-EFB0F6F286FD}.Release|ARM.ActiveCfg = Release|Any CPU
		{6D4BBC85-0844-437E-8CE7-EFB0F6F286FD}.Release|ARM.Build.0 = Release|Any CPU
		{6D4BBC85-0844-437E-8CE7-EFB0F6F286FD}.Release|ARM.Deploy.0 = Release|Any CPU
		{6D4BBC85-0844-437E-8CE7-EFB0F6F286FD}.Release|iPhone.ActiveCfg = Release|Any CPU
		{6D4BBC85-0844-437E-8CE7-EFB0F6F286FD}.Release|iPhone.Build.0 = Release|Any CPU
		{6D4BBC85-0844-437E-8CE7-EFB0F6F286FD}.Release|iPhone.Deploy.0 = Release|Any CPU
		{6D4BBC85-0844-437E-8CE7-EFB0F6F286FD}.Release|iPhoneSimulator.ActiveCfg = Release|Any CPU
		{6D4BBC85-0844-437E-8CE7-EFB0F6F286FD}.Release|iPhoneSimulator.Build.0 = Release|Any CPU
		{6D4BBC85-0844-437E-8CE7-EFB0F6F286FD}.Release|iPhoneSimulator.Deploy.0 = Release|Any CPU
		{6D4BBC85-0844-437E-8CE7-EFB0F6F286FD}.Release|x64.ActiveCfg = Release|Any CPU
		{6D4BBC85-0844-437E-8CE7-EFB0F6F286FD}.Release|x64.Build.0 = Release|Any CPU
		{6D4BBC85-0844-437E-8CE7-EFB0F6F286FD}.Release|x64.Deploy.0 = Release|Any CPU
		{6D4BBC85-0844-437E-8CE7-EFB0F6F286FD}.Release|x86.ActiveCfg = Release|Any CPU
		{6D4BBC85-0844-437E-8CE7-EFB0F6F286FD}.Release|x86.Build.0 = Release|Any CPU
		{6D4BBC85-0844-437E-8CE7-EFB0F6F286FD}.Release|x86.Deploy.0 = Release|Any CPU
	EndGlobalSection
	GlobalSection(SolutionProperties) = preSolution
		HideSolutionNode = FALSE
	EndGlobalSection
	GlobalSection(ExtensibilityGlobals) = postSolution
		SolutionGuid = {761CF766-632F-4089-A0DF-9A6448B4A2A1}
	EndGlobalSection
EndGlobal
